
Microsoft Visual Studio Solution File, Format Version 12.00
# Visual Studio Version 17
VisualStudioVersion = 17.9.34728.123
MinimumVisualStudioVersion = 10.0.40219.1
Project("{FAE04EC0-301F-11D3-BF4B-00C04F79EFBC}") = "WebTest", "WebTest\WebTest.csproj", "{B6A67992-DD27-4741-AC8E-A7427AA18E15}"
EndProject
Global
	GlobalSection(SolutionConfigurationPlatforms) = preSolution
		Debug|Any CPU = Debug|Any CPU
		Release|Any CPU = Release|Any CPU
	EndGlobalSection
	GlobalSection(ProjectConfigurationPlatforms) = postSolution
		{B6A67992-DD27-4741-AC8E-A7427AA18E15}.Debug|Any CPU.ActiveCfg = Debug|Any CPU
		{B6A67992-DD27-4741-AC8E-A7427AA18E15}.Debug|Any CPU.Build.0 = Debug|Any CPU
		{B6A67992-DD27-4741-AC8E-A7427AA18E15}.Release|Any CPU.ActiveCfg = Release|Any CPU
		{B6A67992-DD27-4741-AC8E-A7427AA18E15}.Release|Any CPU.Build.0 = Release|Any CPU
	EndGlobalSection
	GlobalSection(SolutionProperties) = preSolution
		HideSolutionNode = FALSE
	EndGlobalSection
	GlobalSection(ExtensibilityGlobals) = postSolution
		SolutionGuid = {9E6A5558-220F-4F09-BB44-0E5BF7C78905}
	EndGlobalSection
EndGlobal
